
Microsoft Visual Studio Solution File, Format Version 12.00
# Visual Studio Version 16
VisualStudioVersion = 16.0.31005.135
MinimumVisualStudioVersion = 10.0.40219.1
Project("{FAE04EC0-301F-11D3-BF4B-00C04F79EFBC}") = "Lab2", "Lab2.csproj", "{EF4F7C40-8119-49EE-8245-411E4F980030}"
EndProject
Project("{FAE04EC0-301F-11D3-BF4B-00C04F79EFBC}") = "UnitTestProject1", "..\UnitTestProject1\UnitTestProject1.csproj", "{FB00F8AA-DCFD-4555-A13B-3632A0CDD16B}"
EndProject
Global
	GlobalSection(SolutionConfigurationPlatforms) = preSolution
		Debug|Any CPU = Debug|Any CPU
		Release|Any CPU = Release|Any CPU
	EndGlobalSection
	GlobalSection(ProjectConfigurationPlatforms) = postSolution
		{EF4F7C40-8119-49EE-8245-411E4F980030}.Debug|Any CPU.ActiveCfg = Debug|Any CPU
		{EF4F7C40-8119-49EE-8245-411E4F980030}.Debug|Any CPU.Build.0 = Debug|Any CPU
		{EF4F7C40-8119-49EE-8245-411E4F980030}.Release|Any CPU.ActiveCfg = Release|Any CPU
		{EF4F7C40-8119-49EE-8245-411E4F980030}.Release|Any CPU.Build.0 = Release|Any CPU
		{FB00F8AA-DCFD-4555-A13B-3632A0CDD16B}.Debug|Any CPU.ActiveCfg = Debug|Any CPU
		{FB00F8AA-DCFD-4555-A13B-3632A0CDD16B}.Debug|Any CPU.Build.0 = Debug|Any CPU
		{FB00F8AA-DCFD-4555-A13B-3632A0CDD16B}.Release|Any CPU.ActiveCfg = Release|Any CPU
		{FB00F8AA-DCFD-4555-A13B-3632A0CDD16B}.Release|Any CPU.Build.0 = Release|Any CPU
	EndGlobalSection
	GlobalSection(SolutionProperties) = preSolution
		HideSolutionNode = FALSE
	EndGlobalSection
	GlobalSection(ExtensibilityGlobals) = postSolution
		SolutionGuid = {55CD7161-27CA-4CDF-B594-E7463E1E4811}
	EndGlobalSection
EndGlobal
